dependencies:
- name: ollama
  repository: https://otwld.github.io/ollama-helm/
  version: 0.48.0
- name: pipelines
  repository: https://helm.openwebui.com
  version: 0.0.3
digest: sha256:e1b45b59c85d480119dd6c460e4eb30028eb6ab721679c2d02e5d7d9cf8854c0
generated: "2024-07-31T12:48:41.354736639-07:00"
