dependencies:
- name: ollama
  repository: https://otwld.github.io/ollama-helm/
  version: 0.46.0
- name: open-webui
  repository: https://helm.openwebui.com/
  version: 3.1.0
digest: sha256:1b6f73bc1569f1f1c6aed97af90ebcb4d57c82aca39c6560917027211b03d7cc
generated: "2024-07-24T11:18:08.682580707-07:00"
